
Microsoft Visual Studio Solution File, Format Version 12.00
# Visual Studio Version 17
VisualStudioVersion = 17.9.34728.123
MinimumVisualStudioVersion = 10.0.40219.1
Project("{FAE04EC0-301F-11D3-BF4B-00C04F79EFBC}") = "HackatonUI", "HackatonUI.csproj", "{D4F65FCE-7C0D-48A1-B181-0708FA97670E}"
EndProject
Global
	GlobalSection(SolutionConfigurationPlatforms) = preSolution
		Debug|Any CPU = Debug|Any CPU
		Release|Any CPU = Release|Any CPU
	EndGlobalSection
	GlobalSection(ProjectConfigurationPlatforms) = postSolution
		{D4F65FCE-7C0D-48A1-B181-0708FA97670E}.Debug|Any CPU.ActiveCfg = Debug|Any CPU
		{D4F65FCE-7C0D-48A1-B181-0708FA97670E}.Debug|Any CPU.Build.0 = Debug|Any CPU
		{D4F65FCE-7C0D-48A1-B181-0708FA97670E}.Release|Any CPU.ActiveCfg = Release|Any CPU
		{D4F65FCE-7C0D-48A1-B181-0708FA97670E}.Release|Any CPU.Build.0 = Release|Any CPU
	EndGlobalSection
	GlobalSection(SolutionProperties) = preSolution
		HideSolutionNode = FALSE
	EndGlobalSection
	GlobalSection(ExtensibilityGlobals) = postSolution
		SolutionGuid = {25F5CA37-C5CA-4533-A5C7-4050ED57B196}
	EndGlobalSection
EndGlobal
